
Microsoft Visual Studio Solution File, Format Version 12.00
# Visual Studio Version 16
VisualStudioVersion = 16.0.31410.357
MinimumVisualStudioVersion = 10.0.40219.1
Project("{FAE04EC0-301F-11D3-BF4B-00C04F79EFBC}") = "NewsPublish.Web", "NewsPublish.Web\NewsPublish.Web.csproj", "{7A19D678-91BA-4187-B222-22A0C28F52F5}"
EndProject
Project("{FAE04EC0-301F-11D3-BF4B-00C04F79EFBC}") = "NewsPublish.Model", "NewsPublish.Model\NewsPublish.Model.csproj", "{8C80B607-E25E-4E2C-B6F0-6AF9CFC34815}"
EndProject
Project("{FAE04EC0-301F-11D3-BF4B-00C04F79EFBC}") = "NewsPublish.Service", "NewsPublish.Service\NewsPublish.Service.csproj", "{E3DC3899-74E4-4DE0-95A2-8E8B38C4E497}"
EndProject
Global
	GlobalSection(SolutionConfigurationPlatforms) = preSolution
		Debug|Any CPU = Debug|Any CPU
		Release|Any CPU = Release|Any CPU
	EndGlobalSection
	GlobalSection(ProjectConfigurationPlatforms) = postSolution
		{7A19D678-91BA-4187-B222-22A0C28F52F5}.Debug|Any CPU.ActiveCfg = Debug|Any CPU
		{7A19D678-91BA-4187-B222-22A0C28F52F5}.Debug|Any CPU.Build.0 = Debug|Any CPU
		{7A19D678-91BA-4187-B222-22A0C28F52F5}.Release|Any CPU.ActiveCfg = Release|Any CPU
		{7A19D678-91BA-4187-B222-22A0C28F52F5}.Release|Any CPU.Build.0 = Release|Any CPU
		{8C80B607-E25E-4E2C-B6F0-6AF9CFC34815}.Debug|Any CPU.ActiveCfg = Debug|Any CPU
		{8C80B607-E25E-4E2C-B6F0-6AF9CFC34815}.Debug|Any CPU.Build.0 = Debug|Any CPU
		{8C80B607-E25E-4E2C-B6F0-6AF9CFC34815}.Release|Any CPU.ActiveCfg = Release|Any CPU
		{8C80B607-E25E-4E2C-B6F0-6AF9CFC34815}.Release|Any CPU.Build.0 = Release|Any CPU
		{E3DC3899-74E4-4DE0-95A2-8E8B38C4E497}.Debug|Any CPU.ActiveCfg = Debug|Any CPU
		{E3DC3899-74E4-4DE0-95A2-8E8B38C4E497}.Debug|Any CPU.Build.0 = Debug|Any CPU
		{E3DC3899-74E4-4DE0-95A2-8E8B38C4E497}.Release|Any CPU.ActiveCfg = Release|Any CPU
		{E3DC3899-74E4-4DE0-95A2-8E8B38C4E497}.Release|Any CPU.Build.0 = Release|Any CPU
	EndGlobalSection
	GlobalSection(SolutionProperties) = preSolution
		HideSolutionNode = FALSE
	EndGlobalSection
	GlobalSection(ExtensibilityGlobals) = postSolution
		SolutionGuid = {325EFD19-C6F9-497E-8A44-8ED7936D2046}
	EndGlobalSection
EndGlobal
